{
  "nodes": {
    "flake-utils": {
      "inputs": {
        "systems": "systems"
      },
      "locked": {
        "lastModified": 1731533236,
        "narHash": "sha256-l0KFg5HjrsfsO/JpG+r7fRrqm12kzFHyUHqHCVpMMbI=",
        "owner": "numtide",
        "repo": "flake-utils",
        "rev": "11707dc2f618dd54ca8739b309ec4fc024de578b",
        "type": "github"
      },
      "original": {
        "owner": "numtide",
        "repo": "flake-utils",
        "type": "github"
      }
    },
    "nixpkgs": {
      "locked": {
        "lastModified": 1736139540,
        "narHash": "sha256-39Iclrd+9tPLmvuFVyoG63WnHZJ9kCOC6eRytRYLAWw=",
        "owner": "NixOS",
        "repo": "nixpkgs",
        "rev": "8ab83a21276434aaf44969b8dd0bc0e65b97a240",
        "type": "github"
      },
      "original": {
        "owner": "NixOS",
        "repo": "nixpkgs",
        "rev": "8ab83a21276434aaf44969b8dd0bc0e65b97a240",
        "type": "github"
      }
    },
    "nixpkgs-matrix": {
      "inputs": {
        "nixpkgs": "nixpkgs"
      },
      "locked": {
        "lastModified": 1736140072,
        "narHash": "sha256-MgtcAA+xPldS0WlV16TjJ0qgFzGvKuGM9p+nPUxpUoA=",
        "owner": "MatrixAI",
        "repo": "nixpkgs-matrix",
        "rev": "029084026bc4a35bce81bac898aa695f41993e18",
        "type": "github"
      },
      "original": {
        "id": "nixpkgs-matrix",
        "type": "indirect"
      }
    },
    "root": {
      "inputs": {
        "flake-utils": "flake-utils",
        "nixpkgs-matrix": "nixpkgs-matrix"
      }
    },
    "systems": {
      "locked": {
        "lastModified": 1681028828,
        "narHash": "sha256-Vy1rq5AaRuLzOxct8nz4T6wlgyUR7zLU309k9mBC768=",
        "owner": "nix-systems",
        "repo": "default",
        "rev": "da67096a3b9bf56a91d16901293e51ba5b49a27e",
        "type": "github"
      },
      "original": {
        "owner": "nix-systems",
        "repo": "default",
        "type": "github"
      }
    }
  },
  "root": "root",
  "version": 7
}
